// !$*UTF8*$!
{
	archiveVersion = 1;
	classes = {
	};
	objectVersion = 51;
	objects = {

/* Begin PBXBuildFile section */
		0E39C75727447A4100716B76 /* SideMenuViewController.swift in Sources */ = {isa = PBXBuildFile; fileRef = 0E39C75627447A4100716B76 /* SideMenuViewController.swift */; };
		0E39C759274581B900716B76 /* ContainerViewController.swift in Sources */ = {isa = PBXBuildFile; fileRef = 0E39C758274581B900716B76 /* ContainerViewController.swift */; };
		0E41F94727459DA1000ED8BB /* CalendarViewController.swift in Sources */ = {isa = PBXBuildFile; fileRef = 0E41F94627459DA1000ED8BB /* CalendarViewController.swift */; };
		0E5D7D382760917300494160 /* ConstraintExtension.swift in Sources */ = {isa = PBXBuildFile; fileRef = 0E5D7D372760917300494160 /* ConstraintExtension.swift */; };
		22EE9E5D7AB584E4897A5AD7 /* Pods_milestone_milestoneUITests.framework in Frameworks */ = {isa = PBXBuildFile; fileRef = F1C875B49C4F0CA6126822B6 /* Pods_milestone_milestoneUITests.framework */; };
		52001C052751651E00D18EF0 /* ProjectViewController.swift in Sources */ = {isa = PBXBuildFile; fileRef = 52001C042751651E00D18EF0 /* ProjectViewController.swift */; };
		52001C0727516AFC00D18EF0 /* MilestoneViewController.swift in Sources */ = {isa = PBXBuildFile; fileRef = 52001C0627516AFC00D18EF0 /* MilestoneViewController.swift */; };
		527E2C3F273AFFCA00599EE1 /* AppDelegate.swift in Sources */ = {isa = PBXBuildFile; fileRef = 527E2C3E273AFFCA00599EE1 /* AppDelegate.swift */; };
		527E2C41273AFFCA00599EE1 /* SceneDelegate.swift in Sources */ = {isa = PBXBuildFile; fileRef = 527E2C40273AFFCA00599EE1 /* SceneDelegate.swift */; };
		527E2C46273AFFCA00599EE1 /* Main.storyboard in Resources */ = {isa = PBXBuildFile; fileRef = 527E2C44273AFFCA00599EE1 /* Main.storyboard */; };
		527E2C48273AFFCB00599EE1 /* Assets.xcassets in Resources */ = {isa = PBXBuildFile; fileRef = 527E2C47273AFFCB00599EE1 /* Assets.xcassets */; };
		527E2C4B273AFFCB00599EE1 /* LaunchScreen.storyboard in Resources */ = {isa = PBXBuildFile; fileRef = 527E2C49273AFFCB00599EE1 /* LaunchScreen.storyboard */; };
		527E2C56273AFFCB00599EE1 /* milestoneTests.swift in Sources */ = {isa = PBXBuildFile; fileRef = 527E2C55273AFFCB00599EE1 /* milestoneTests.swift */; };
		527E2C61273AFFCB00599EE1 /* milestoneUITests.swift in Sources */ = {isa = PBXBuildFile; fileRef = 527E2C60273AFFCB00599EE1 /* milestoneUITests.swift */; };
		527E2C70273B31FA00599EE1 /* StartViewController.swift in Sources */ = {isa = PBXBuildFile; fileRef = 527E2C6F273B31FA00599EE1 /* StartViewController.swift */; };
		527E2C72273B324700599EE1 /* LoginViewController.swift in Sources */ = {isa = PBXBuildFile; fileRef = 527E2C71273B324700599EE1 /* LoginViewController.swift */; };
		527E2C74273B326100599EE1 /* SignUpViewController.swift in Sources */ = {isa = PBXBuildFile; fileRef = 527E2C73273B326100599EE1 /* SignUpViewController.swift */; };
		527E2C76273B327200599EE1 /* TimelineViewController.swift in Sources */ = {isa = PBXBuildFile; fileRef = 527E2C75273B327200599EE1 /* TimelineViewController.swift */; };
		528AD70F2745B2090062A89C /* GoogleService-Info.plist in Resources */ = {isa = PBXBuildFile; fileRef = 528AD70E2745B2090062A89C /* GoogleService-Info.plist */; };
		647EB345B092A7553D012635 /* Pods_milestone.framework in Frameworks */ = {isa = PBXBuildFile; fileRef = 82D40050D61D495822A59C02 /* Pods_milestone.framework */; };
		ED9B2EF4C352ADEFA03077FE /* Pods_milestoneTests.framework in Frameworks */ = {isa = PBXBuildFile; fileRef = 32CD89F10EC6E547521288BB /* Pods_milestoneTests.framework */; };
/* End PBXBuildFile section */

/* Begin PBXContainerItemProxy section */
		527E2C52273AFFCB00599EE1 /* PBXContainerItemProxy */ = {
			isa = PBXContainerItemProxy;
			containerPortal = 527E2C33273AFFCA00599EE1 /* Project object */;
			proxyType = 1;
			remoteGlobalIDString = 527E2C3A273AFFCA00599EE1;
			remoteInfo = milestone;
		};
		527E2C5D273AFFCB00599EE1 /* PBXContainerItemProxy */ = {
			isa = PBXContainerItemProxy;
			containerPortal = 527E2C33273AFFCA00599EE1 /* Project object */;
			proxyType = 1;
			remoteGlobalIDString = 527E2C3A273AFFCA00599EE1;
			remoteInfo = milestone;
		};
/* End PBXContainerItemProxy section */

/* Begin PBXFileReference section */
		096C045AF2E93AC69ADB57C8 /* Pods-milestoneTests.release.xcconfig */ = {isa = PBXFileReference; includeInIndex = 1; lastKnownFileType = text.xcconfig; name = "Pods-milestoneTests.release.xcconfig"; path = "Target Support Files/Pods-milestoneTests/Pods-milestoneTests.release.xcconfig"; sourceTree = "<group>"; };
		0E39C75627447A4100716B76 /* SideMenuViewController.swift */ = {isa = PBXFileReference; lastKnownFileType = sourcecode.swift; path = SideMenuViewController.swift; sourceTree = "<group>"; };
		0E39C758274581B900716B76 /* ContainerViewController.swift */ = {isa = PBXFileReference; lastKnownFileType = sourcecode.swift; path = ContainerViewController.swift; sourceTree = "<group>"; };
		0E41F94627459DA1000ED8BB /* CalendarViewController.swift */ = {isa = PBXFileReference; lastKnownFileType = sourcecode.swift; path = CalendarViewController.swift; sourceTree = "<group>"; };
		0E5D7D372760917300494160 /* ConstraintExtension.swift */ = {isa = PBXFileReference; lastKnownFileType = sourcecode.swift; path = ConstraintExtension.swift; sourceTree = "<group>"; };
		32CD89F10EC6E547521288BB /* Pods_milestoneTests.framework */ = {isa = PBXFileReference; explicitFileType = wrapper.framework; includeInIndex = 0; path = Pods_milestoneTests.framework; sourceTree = BUILT_PRODUCTS_DIR; };
		52001C042751651E00D18EF0 /* ProjectViewController.swift */ = {isa = PBXFileReference; lastKnownFileType = sourcecode.swift; path = ProjectViewController.swift; sourceTree = "<group>"; };
		52001C0627516AFC00D18EF0 /* MilestoneViewController.swift */ = {isa = PBXFileReference; lastKnownFileType = sourcecode.swift; path = MilestoneViewController.swift; sourceTree = "<group>"; };
		527E2C3B273AFFCA00599EE1 /* milestone.app */ = {isa = PBXFileReference; explicitFileType = wrapper.application; includeInIndex = 0; path = milestone.app; sourceTree = BUILT_PRODUCTS_DIR; };
		527E2C3E273AFFCA00599EE1 /* AppDelegate.swift */ = {isa = PBXFileReference; lastKnownFileType = sourcecode.swift; path = AppDelegate.swift; sourceTree = "<group>"; };
		527E2C40273AFFCA00599EE1 /* SceneDelegate.swift */ = {isa = PBXFileReference; lastKnownFileType = sourcecode.swift; path = SceneDelegate.swift; sourceTree = "<group>"; };
		527E2C45273AFFCA00599EE1 /* Base */ = {isa = PBXFileReference; lastKnownFileType = file.storyboard; name = Base; path = Base.lproj/Main.storyboard; sourceTree = "<group>"; };
		527E2C47273AFFCB00599EE1 /* Assets.xcassets */ = {isa = PBXFileReference; lastKnownFileType = folder.assetcatalog; path = Assets.xcassets; sourceTree = "<group>"; };
		527E2C4A273AFFCB00599EE1 /* Base */ = {isa = PBXFileReference; lastKnownFileType = file.storyboard; name = Base; path = Base.lproj/LaunchScreen.storyboard; sourceTree = "<group>"; };
		527E2C4C273AFFCB00599EE1 /* Info.plist */ = {isa = PBXFileReference; lastKnownFileType = text.plist.xml; name = Info.plist; path = milestone/Info.plist; sourceTree = SOURCE_ROOT; };
		527E2C51273AFFCB00599EE1 /* milestoneTests.xctest */ = {isa = PBXFileReference; explicitFileType = wrapper.cfbundle; includeInIndex = 0; path = milestoneTests.xctest; sourceTree = BUILT_PRODUCTS_DIR; };
		527E2C55273AFFCB00599EE1 /* milestoneTests.swift */ = {isa = PBXFileReference; lastKnownFileType = sourcecode.swift; path = milestoneTests.swift; sourceTree = "<group>"; };
		527E2C57273AFFCB00599EE1 /* Info.plist */ = {isa = PBXFileReference; lastKnownFileType = text.plist.xml; path = Info.plist; sourceTree = "<group>"; };
		527E2C5C273AFFCB00599EE1 /* milestoneUITests.xctest */ = {isa = PBXFileReference; explicitFileType = wrapper.cfbundle; includeInIndex = 0; path = milestoneUITests.xctest; sourceTree = BUILT_PRODUCTS_DIR; };
		527E2C60273AFFCB00599EE1 /* milestoneUITests.swift */ = {isa = PBXFileReference; lastKnownFileType = sourcecode.swift; path = milestoneUITests.swift; sourceTree = "<group>"; };
		527E2C62273AFFCB00599EE1 /* Info.plist */ = {isa = PBXFileReference; lastKnownFileType = text.plist.xml; path = Info.plist; sourceTree = "<group>"; };
		527E2C6F273B31FA00599EE1 /* StartViewController.swift */ = {isa = PBXFileReference; lastKnownFileType = sourcecode.swift; path = StartViewController.swift; sourceTree = "<group>"; };
		527E2C71273B324700599EE1 /* LoginViewController.swift */ = {isa = PBXFileReference; lastKnownFileType = sourcecode.swift; path = LoginViewController.swift; sourceTree = "<group>"; };
		527E2C73273B326100599EE1 /* SignUpViewController.swift */ = {isa = PBXFileReference; lastKnownFileType = sourcecode.swift; path = SignUpViewController.swift; sourceTree = "<group>"; };
		527E2C75273B327200599EE1 /* TimelineViewController.swift */ = {isa = PBXFileReference; lastKnownFileType = sourcecode.swift; path = TimelineViewController.swift; sourceTree = "<group>"; };
		528AD70E2745B2090062A89C /* GoogleService-Info.plist */ = {isa = PBXFileReference; fileEncoding = 4; lastKnownFileType = text.plist; name = "GoogleService-Info.plist"; path = "milestone/GoogleService-Info.plist"; sourceTree = SOURCE_ROOT; };
		6541925210A6338ABBDF44F4 /* Pods-milestone-milestoneUITests.debug.xcconfig */ = {isa = PBXFileReference; includeInIndex = 1; lastKnownFileType = text.xcconfig; name = "Pods-milestone-milestoneUITests.debug.xcconfig"; path = "Target Support Files/Pods-milestone-milestoneUITests/Pods-milestone-milestoneUITests.debug.xcconfig"; sourceTree = "<group>"; };
		82D40050D61D495822A59C02 /* Pods_milestone.framework */ = {isa = PBXFileReference; explicitFileType = wrapper.framework; includeInIndex = 0; path = Pods_milestone.framework; sourceTree = BUILT_PRODUCTS_DIR; };
		82D5F1283C8F1BCB4BFDF411 /* Pods-milestone-milestoneUITests.release.xcconfig */ = {isa = PBXFileReference; includeInIndex = 1; lastKnownFileType = text.xcconfig; name = "Pods-milestone-milestoneUITests.release.xcconfig"; path = "Target Support Files/Pods-milestone-milestoneUITests/Pods-milestone-milestoneUITests.release.xcconfig"; sourceTree = "<group>"; };
		E2CBB20307BD58A397F6216E /* Pods-milestone.debug.xcconfig */ = {isa = PBXFileReference; includeInIndex = 1; lastKnownFileType = text.xcconfig; name = "Pods-milestone.debug.xcconfig"; path = "Target Support Files/Pods-milestone/Pods-milestone.debug.xcconfig"; sourceTree = "<group>"; };
		F1C875B49C4F0CA6126822B6 /* Pods_milestone_milestoneUITests.framework */ = {isa = PBXFileReference; explicitFileType = wrapper.framework; includeInIndex = 0; path = Pods_milestone_milestoneUITests.framework; sourceTree = BUILT_PRODUCTS_DIR; };
		F9A99CF77A95A246BCB3D598 /* Pods-milestone.release.xcconfig */ = {isa = PBXFileReference; includeInIndex = 1; lastKnownFileType = text.xcconfig; name = "Pods-milestone.release.xcconfig"; path = "Target Support Files/Pods-milestone/Pods-milestone.release.xcconfig"; sourceTree = "<group>"; };
		FB852415B07F67CCD6EAC1BE /* Pods-milestoneTests.debug.xcconfig */ = {isa = PBXFileReference; includeInIndex = 1; lastKnownFileType = text.xcconfig; name = "Pods-milestoneTests.debug.xcconfig"; path = "Target Support Files/Pods-milestoneTests/Pods-milestoneTests.debug.xcconfig"; sourceTree = "<group>"; };
/* End PBXFileReference section */

/* Begin PBXFrameworksBuildPhase section */
		527E2C38273AFFCA00599EE1 /* Frameworks */ = {
			isa = PBXFrameworksBuildPhase;
			buildActionMask = 2147483647;
			files = (
				647EB345B092A7553D012635 /* Pods_milestone.framework in Frameworks */,
			);
			runOnlyForDeploymentPostprocessing = 0;
		};
		527E2C4E273AFFCB00599EE1 /* Frameworks */ = {
			isa = PBXFrameworksBuildPhase;
			buildActionMask = 2147483647;
			files = (
				ED9B2EF4C352ADEFA03077FE /* Pods_milestoneTests.framework in Frameworks */,
			);
			runOnlyForDeploymentPostprocessing = 0;
		};
		527E2C59273AFFCB00599EE1 /* Frameworks */ = {
			isa = PBXFrameworksBuildPhase;
			buildActionMask = 2147483647;
			files = (
				22EE9E5D7AB584E4897A5AD7 /* Pods_milestone_milestoneUITests.framework in Frameworks */,
			);
			runOnlyForDeploymentPostprocessing = 0;
		};
/* End PBXFrameworksBuildPhase section */

/* Begin PBXGroup section */
		1C227C92CF04E762235317BD /* Pods */ = {
			isa = PBXGroup;
			children = (
				E2CBB20307BD58A397F6216E /* Pods-milestone.debug.xcconfig */,
				F9A99CF77A95A246BCB3D598 /* Pods-milestone.release.xcconfig */,
				6541925210A6338ABBDF44F4 /* Pods-milestone-milestoneUITests.debug.xcconfig */,
				82D5F1283C8F1BCB4BFDF411 /* Pods-milestone-milestoneUITests.release.xcconfig */,
				FB852415B07F67CCD6EAC1BE /* Pods-milestoneTests.debug.xcconfig */,
				096C045AF2E93AC69ADB57C8 /* Pods-milestoneTests.release.xcconfig */,
			);
			path = Pods;
			sourceTree = "<group>";
		};
		527E2C32273AFFCA00599EE1 = {
			isa = PBXGroup;
			children = (
				0E5D7D372760917300494160 /* ConstraintExtension.swift */,
				527E2C3D273AFFCA00599EE1 /* milestone */,
				527E2C54273AFFCB00599EE1 /* milestoneTests */,
				527E2C5F273AFFCB00599EE1 /* milestoneUITests */,
				527E2C3C273AFFCA00599EE1 /* Products */,
				1C227C92CF04E762235317BD /* Pods */,
				8FAD5D4D84B52B43A84DFB17 /* Frameworks */,
			);
			sourceTree = "<group>";
		};
		527E2C3C273AFFCA00599EE1 /* Products */ = {
			isa = PBXGroup;
			children = (
				527E2C3B273AFFCA00599EE1 /* milestone.app */,
				527E2C51273AFFCB00599EE1 /* milestoneTests.xctest */,
				527E2C5C273AFFCB00599EE1 /* milestoneUITests.xctest */,
			);
			name = Products;
			sourceTree = "<group>";
		};
		527E2C3D273AFFCA00599EE1 /* milestone */ = {
			isa = PBXGroup;
			children = (
				527E2C6E273B31E600599EE1 /* Views */,
				527E2C3E273AFFCA00599EE1 /* AppDelegate.swift */,
				527E2C40273AFFCA00599EE1 /* SceneDelegate.swift */,
				527E2C44273AFFCA00599EE1 /* Main.storyboard */,
				527E2C47273AFFCB00599EE1 /* Assets.xcassets */,
				527E2C49273AFFCB00599EE1 /* LaunchScreen.storyboard */,
				527E2C4C273AFFCB00599EE1 /* Info.plist */,
				528AD70E2745B2090062A89C /* GoogleService-Info.plist */,
			);
			path = milestone;
			sourceTree = "<group>";
		};
		527E2C54273AFFCB00599EE1 /* milestoneTests */ = {
			isa = PBXGroup;
			children = (
				527E2C55273AFFCB00599EE1 /* milestoneTests.swift */,
				527E2C57273AFFCB00599EE1 /* Info.plist */,
			);
			path = milestoneTests;
			sourceTree = "<group>";
		};
		527E2C5F273AFFCB00599EE1 /* milestoneUITests */ = {
			isa = PBXGroup;
			children = (
				527E2C60273AFFCB00599EE1 /* milestoneUITests.swift */,
				527E2C62273AFFCB00599EE1 /* Info.plist */,
			);
			path = milestoneUITests;
			sourceTree = "<group>";
		};
		527E2C6E273B31E600599EE1 /* Views */ = {
			isa = PBXGroup;
			children = (
				527E2C6F273B31FA00599EE1 /* StartViewController.swift */,
				527E2C71273B324700599EE1 /* LoginViewController.swift */,
				527E2C73273B326100599EE1 /* SignUpViewController.swift */,
				527E2C75273B327200599EE1 /* TimelineViewController.swift */,
				0E39C758274581B900716B76 /* ContainerViewController.swift */,
				0E41F94627459DA1000ED8BB /* CalendarViewController.swift */,
				0E39C75627447A4100716B76 /* SideMenuViewController.swift */,
				52001C042751651E00D18EF0 /* ProjectViewController.swift */,
				52001C0627516AFC00D18EF0 /* MilestoneViewController.swift */,
			);
			path = Views;
			sourceTree = "<group>";
		};
		8FAD5D4D84B52B43A84DFB17 /* Frameworks */ = {
			isa = PBXGroup;
			children = (
				82D40050D61D495822A59C02 /* Pods_milestone.framework */,
				F1C875B49C4F0CA6126822B6 /* Pods_milestone_milestoneUITests.framework */,
				32CD89F10EC6E547521288BB /* Pods_milestoneTests.framework */,
			);
			name = Frameworks;
			sourceTree = "<group>";
		};
/* End PBXGroup section */

/* Begin PBXNativeTarget section */
		527E2C3A273AFFCA00599EE1 /* milestone */ = {
			isa = PBXNativeTarget;
			buildConfigurationList = 527E2C65273AFFCB00599EE1 /* Build configuration list for PBXNativeTarget "milestone" */;
			buildPhases = (
				5B36D82FB5434ABE89D0FCAE /* [CP] Check Pods Manifest.lock */,
				527E2C37273AFFCA00599EE1 /* Sources */,
				527E2C38273AFFCA00599EE1 /* Frameworks */,
				527E2C39273AFFCA00599EE1 /* Resources */,
				734BE9E226F232F932D4FC7C /* [CP] Embed Pods Frameworks */,
			);
			buildRules = (
			);
			dependencies = (
			);
			name = milestone;
			productName = milestone;
			productReference = 527E2C3B273AFFCA00599EE1 /* milestone.app */;
			productType = "com.apple.product-type.application";
		};
		527E2C50273AFFCB00599EE1 /* milestoneTests */ = {
			isa = PBXNativeTarget;
			buildConfigurationList = 527E2C68273AFFCB00599EE1 /* Build configuration list for PBXNativeTarget "milestoneTests" */;
			buildPhases = (
				86CBF761AF840C8AF2318330 /* [CP] Check Pods Manifest.lock */,
				527E2C4D273AFFCB00599EE1 /* Sources */,
				527E2C4E273AFFCB00599EE1 /* Frameworks */,
				527E2C4F273AFFCB00599EE1 /* Resources */,
			);
			buildRules = (
			);
			dependencies = (
				527E2C53273AFFCB00599EE1 /* PBXTargetDependency */,
			);
			name = milestoneTests;
			productName = milestoneTests;
			productReference = 527E2C51273AFFCB00599EE1 /* milestoneTests.xctest */;
			productType = "com.apple.product-type.bundle.unit-test";
		};
		527E2C5B273AFFCB00599EE1 /* milestoneUITests */ = {
			isa = PBXNativeTarget;
			buildConfigurationList = 527E2C6B273AFFCB00599EE1 /* Build configuration list for PBXNativeTarget "milestoneUITests" */;
			buildPhases = (
				EC18F2EE7600E0C36AA91304 /* [CP] Check Pods Manifest.lock */,
				527E2C58273AFFCB00599EE1 /* Sources */,
				527E2C59273AFFCB00599EE1 /* Frameworks */,
				527E2C5A273AFFCB00599EE1 /* Resources */,
				55C730FD4EC97EEBB0B9B082 /* [CP] Embed Pods Frameworks */,
			);
			buildRules = (
			);
			dependencies = (
				527E2C5E273AFFCB00599EE1 /* PBXTargetDependency */,
			);
			name = milestoneUITests;
			productName = milestoneUITests;
			productReference = 527E2C5C273AFFCB00599EE1 /* milestoneUITests.xctest */;
			productType = "com.apple.product-type.bundle.ui-testing";
		};
/* End PBXNativeTarget section */

/* Begin PBXProject section */
		527E2C33273AFFCA00599EE1 /* Project object */ = {
			isa = PBXProject;
			attributes = {
				LastSwiftUpdateCheck = 1250;
				LastUpgradeCheck = 1250;
				TargetAttributes = {
					527E2C3A273AFFCA00599EE1 = {
						CreatedOnToolsVersion = 12.5.1;
					};
					527E2C50273AFFCB00599EE1 = {
						CreatedOnToolsVersion = 12.5.1;
						TestTargetID = 527E2C3A273AFFCA00599EE1;
					};
					527E2C5B273AFFCB00599EE1 = {
						CreatedOnToolsVersion = 12.5.1;
						TestTargetID = 527E2C3A273AFFCA00599EE1;
					};
				};
			};
			buildConfigurationList = 527E2C36273AFFCA00599EE1 /* Build configuration list for PBXProject "milestone" */;
			compatibilityVersion = "Xcode 9.3";
			developmentRegion = en;
			hasScannedForEncodings = 0;
			knownRegions = (
				en,
				Base,
			);
			mainGroup = 527E2C32273AFFCA00599EE1;
			productRefGroup = 527E2C3C273AFFCA00599EE1 /* Products */;
			projectDirPath = "";
			projectRoot = "";
			targets = (
				527E2C3A273AFFCA00599EE1 /* milestone */,
				527E2C50273AFFCB00599EE1 /* milestoneTests */,
				527E2C5B273AFFCB00599EE1 /* milestoneUITests */,
			);
		};
/* End PBXProject section */

/* Begin PBXResourcesBuildPhase section */
		527E2C39273AFFCA00599EE1 /* Resources */ = {
			isa = PBXResourcesBuildPhase;
			buildActionMask = 2147483647;
			files = (
				527E2C4B273AFFCB00599EE1 /* LaunchScreen.storyboard in Resources */,
				527E2C48273AFFCB00599EE1 /* Assets.xcassets in Resources */,
				528AD70F2745B2090062A89C /* GoogleService-Info.plist in Resources */,
				527E2C46273AFFCA00599EE1 /* Main.storyboard in Resources */,
			);
			runOnlyForDeploymentPostprocessing = 0;
		};
		527E2C4F273AFFCB00599EE1 /* Resources */ = {
			isa = PBXResourcesBuildPhase;
			buildActionMask = 2147483647;
			files = (
			);
			runOnlyForDeploymentPostprocessing = 0;
		};
		527E2C5A273AFFCB00599EE1 /* Resources */ = {
			isa = PBXResourcesBuildPhase;
			buildActionMask = 2147483647;
			files = (
			);
			runOnlyForDeploymentPostprocessing = 0;
		};
/* End PBXResourcesBuildPhase section */

/* Begin PBXShellScriptBuildPhase section */
		55C730FD4EC97EEBB0B9B082 /* [CP] Embed Pods Frameworks */ = {
			isa = PBXShellScriptBuildPhase;
			buildActionMask = 2147483647;
			files = (
			);
			inputFileListPaths = (
				"${PODS_ROOT}/Target Support Files/Pods-milestone-milestoneUITests/Pods-milestone-milestoneUITests-frameworks-${CONFIGURATION}-input-files.xcfilelist",
			);
			name = "[CP] Embed Pods Frameworks";
			outputFileListPaths = (
				"${PODS_ROOT}/Target Support Files/Pods-milestone-milestoneUITests/Pods-milestone-milestoneUITests-frameworks-${CONFIGURATION}-output-files.xcfilelist",
			);
			runOnlyForDeploymentPostprocessing = 0;
			shellPath = /bin/sh;
			shellScript = "\"${PODS_ROOT}/Target Support Files/Pods-milestone-milestoneUITests/Pods-milestone-milestoneUITests-frameworks.sh\"\n";
			showEnvVarsInLog = 0;
		};
		5B36D82FB5434ABE89D0FCAE /* [CP] Check Pods Manifest.lock */ = {
			isa = PBXShellScriptBuildPhase;
			buildActionMask = 2147483647;
			files = (
			);
			inputFileListPaths = (
			);
			inputPaths = (
				"${PODS_PODFILE_DIR_PATH}/Podfile.lock",
				"${PODS_ROOT}/Manifest.lock",
			);
			name = "[CP] Check Pods Manifest.lock";
			outputFileListPaths = (
			);
			outputPaths = (
				"$(DERIVED_FILE_DIR)/Pods-milestone-checkManifestLockResult.txt",
			);
			runOnlyForDeploymentPostprocessing = 0;
			shellPath = /bin/sh;
			shellScript = "diff \"${PODS_PODFILE_DIR_PATH}/Podfile.lock\" \"${PODS_ROOT}/Manifest.lock\" > /dev/null\nif [ $? != 0 ] ; then\n    # print error to STDERR\n    echo \"error: The sandbox is not in sync with the Podfile.lock. Run 'pod install' or update your CocoaPods installation.\" >&2\n    exit 1\nfi\n# This output is used by Xcode 'outputs' to avoid re-running this script phase.\necho \"SUCCESS\" > \"${SCRIPT_OUTPUT_FILE_0}\"\n";
			showEnvVarsInLog = 0;
		};
		734BE9E226F232F932D4FC7C /* [CP] Embed Pods Frameworks */ = {
			isa = PBXShellScriptBuildPhase;
			buildActionMask = 2147483647;
			files = (
			);
			inputFileListPaths = (
				"${PODS_ROOT}/Target Support Files/Pods-milestone/Pods-milestone-frameworks-${CONFIGURATION}-input-files.xcfilelist",
			);
			name = "[CP] Embed Pods Frameworks";
			outputFileListPaths = (
				"${PODS_ROOT}/Target Support Files/Pods-milestone/Pods-milestone-frameworks-${CONFIGURATION}-output-files.xcfilelist",
			);
			runOnlyForDeploymentPostprocessing = 0;
			shellPath = /bin/sh;
			shellScript = "\"${PODS_ROOT}/Target Support Files/Pods-milestone/Pods-milestone-frameworks.sh\"\n";
			showEnvVarsInLog = 0;
		};
		86CBF761AF840C8AF2318330 /* [CP] Check Pods Manifest.lock */ = {
			isa = PBXShellScriptBuildPhase;
			buildActionMask = 2147483647;
			files = (
			);
			inputFileListPaths = (
			);
			inputPaths = (
				"${PODS_PODFILE_DIR_PATH}/Podfile.lock",
				"${PODS_ROOT}/Manifest.lock",
			);
			name = "[CP] Check Pods Manifest.lock";
			outputFileListPaths = (
			);
			outputPaths = (
				"$(DERIVED_FILE_DIR)/Pods-milestoneTests-checkManifestLockResult.txt",
			);
			runOnlyForDeploymentPostprocessing = 0;
			shellPath = /bin/sh;
			shellScript = "diff \"${PODS_PODFILE_DIR_PATH}/Podfile.lock\" \"${PODS_ROOT}/Manifest.lock\" > /dev/null\nif [ $? != 0 ] ; then\n    # print error to STDERR\n    echo \"error: The sandbox is not in sync with the Podfile.lock. Run 'pod install' or update your CocoaPods installation.\" >&2\n    exit 1\nfi\n# This output is used by Xcode 'outputs' to avoid re-running this script phase.\necho \"SUCCESS\" > \"${SCRIPT_OUTPUT_FILE_0}\"\n";
			showEnvVarsInLog = 0;
		};
		EC18F2EE7600E0C36AA91304 /* [CP] Check Pods Manifest.lock */ = {
			isa = PBXShellScriptBuildPhase;
			buildActionMask = 2147483647;
			files = (
			);
			inputFileListPaths = (
			);
			inputPaths = (
				"${PODS_PODFILE_DIR_PATH}/Podfile.lock",
				"${PODS_ROOT}/Manifest.lock",
			);
			name = "[CP] Check Pods Manifest.lock";
			outputFileListPaths = (
			);
			outputPaths = (
				"$(DERIVED_FILE_DIR)/Pods-milestone-milestoneUITests-checkManifestLockResult.txt",
			);
			runOnlyForDeploymentPostprocessing = 0;
			shellPath = /bin/sh;
			shellScript = "diff \"${PODS_PODFILE_DIR_PATH}/Podfile.lock\" \"${PODS_ROOT}/Manifest.lock\" > /dev/null\nif [ $? != 0 ] ; then\n    # print error to STDERR\n    echo \"error: The sandbox is not in sync with the Podfile.lock. Run 'pod install' or update your CocoaPods installation.\" >&2\n    exit 1\nfi\n# This output is used by Xcode 'outputs' to avoid re-running this script phase.\necho \"SUCCESS\" > \"${SCRIPT_OUTPUT_FILE_0}\"\n";
			showEnvVarsInLog = 0;
		};
/* End PBXShellScriptBuildPhase section */

/* Begin PBXSourcesBuildPhase section */
		527E2C37273AFFCA00599EE1 /* Sources */ = {
			isa = PBXSourcesBuildPhase;
			buildActionMask = 2147483647;
			files = (
				527E2C74273B326100599EE1 /* SignUpViewController.swift in Sources */,
				527E2C70273B31FA00599EE1 /* StartViewController.swift in Sources */,
				0E5D7D382760917300494160 /* ConstraintExtension.swift in Sources */,
				0E39C759274581B900716B76 /* ContainerViewController.swift in Sources */,
				527E2C3F273AFFCA00599EE1 /* AppDelegate.swift in Sources */,
				527E2C76273B327200599EE1 /* TimelineViewController.swift in Sources */,
				0E39C75727447A4100716B76 /* SideMenuViewController.swift in Sources */,
				0E41F94727459DA1000ED8BB /* CalendarViewController.swift in Sources */,
				52001C052751651E00D18EF0 /* ProjectViewController.swift in Sources */,
				527E2C72273B324700599EE1 /* LoginViewController.swift in Sources */,
				527E2C41273AFFCA00599EE1 /* SceneDelegate.swift in Sources */,
				52001C0727516AFC00D18EF0 /* MilestoneViewController.swift in Sources */,
			);
			runOnlyForDeploymentPostprocessing = 0;
		};
		527E2C4D273AFFCB00599EE1 /* Sources */ = {
			isa = PBXSourcesBuildPhase;
			buildActionMask = 2147483647;
			files = (
				527E2C56273AFFCB00599EE1 /* milestoneTests.swift in Sources */,
			);
			runOnlyForDeploymentPostprocessing = 0;
		};
		527E2C58273AFFCB00599EE1 /* Sources */ = {
			isa = PBXSourcesBuildPhase;
			buildActionMask = 2147483647;
			files = (
				527E2C61273AFFCB00599EE1 /* milestoneUITests.swift in Sources */,
			);
			runOnlyForDeploymentPostprocessing = 0;
		};
/* End PBXSourcesBuildPhase section */

/* Begin PBXTargetDependency section */
		527E2C53273AFFCB00599EE1 /* PBXTargetDependency */ = {
			isa = PBXTargetDependency;
			target = 527E2C3A273AFFCA00599EE1 /* milestone */;
			targetProxy = 527E2C52273AFFCB00599EE1 /* PBXContainerItemProxy */;
		};
		527E2C5E273AFFCB00599EE1 /* PBXTargetDependency */ = {
			isa = PBXTargetDependency;
			target = 527E2C3A273AFFCA00599EE1 /* milestone */;
			targetProxy = 527E2C5D273AFFCB00599EE1 /* PBXContainerItemProxy */;
		};
/* End PBXTargetDependency section */

/* Begin PBXVariantGroup section */
		527E2C44273AFFCA00599EE1 /* Main.storyboard */ = {
			isa = PBXVariantGroup;
			children = (
				527E2C45273AFFCA00599EE1 /* Base */,
			);
			name = Main.storyboard;
			sourceTree = "<group>";
		};
		527E2C49273AFFCB00599EE1 /* LaunchScreen.storyboard */ = {
			isa = PBXVariantGroup;
			children = (
				527E2C4A273AFFCB00599EE1 /* Base */,
			);
			name = LaunchScreen.storyboard;
			sourceTree = "<group>";
		};
/* End PBXVariantGroup section */

/* Begin XCBuildConfiguration section */
		527E2C63273AFFCB00599EE1 /* Debug */ = {
			isa = XCBuildConfiguration;
			buildSettings = {
				ALWAYS_SEARCH_USER_PATHS = NO;
				CLANG_ANALYZER_NONNULL = YES;
				CLANG_ANALYZER_NUMBER_OBJECT_CONVERSION = YES_AGGRESSIVE;
				CLANG_CXX_LANGUAGE_STANDARD = "gnu++14";
				CLANG_CXX_LIBRARY = "libc++";
				CLANG_ENABLE_MODULES = YES;
				CLANG_ENABLE_OBJC_ARC = YES;
				CLANG_ENABLE_OBJC_WEAK = YES;
				CLANG_WARN_BLOCK_CAPTURE_AUTORELEASING = YES;
				CLANG_WARN_BOOL_CONVERSION = YES;
				CLANG_WARN_COMMA = YES;
				CLANG_WARN_CONSTANT_CONVERSION = YES;
				CLANG_WARN_DEPRECATED_OBJC_IMPLEMENTATIONS = YES;
				CLANG_WARN_DIRECT_OBJC_ISA_USAGE = YES_ERROR;
				CLANG_WARN_DOCUMENTATION_COMMENTS = YES;
				CLANG_WARN_EMPTY_BODY = YES;
				CLANG_WARN_ENUM_CONVERSION = YES;
				CLANG_WARN_INFINITE_RECURSION = YES;
				CLANG_WARN_INT_CONVERSION = YES;
				CLANG_WARN_NON_LITERAL_NULL_CONVERSION = YES;
				CLANG_WARN_OBJC_IMPLICIT_RETAIN_SELF = YES;
				CLANG_WARN_OBJC_LITERAL_CONVERSION = YES;
				CLANG_WARN_OBJC_ROOT_CLASS = YES_ERROR;
				CLANG_WARN_QUOTED_INCLUDE_IN_FRAMEWORK_HEADER = NO;
				CLANG_WARN_RANGE_LOOP_ANALYSIS = YES;
				CLANG_WARN_STRICT_PROTOTYPES = YES;
				CLANG_WARN_SUSPICIOUS_MOVE = YES;
				CLANG_WARN_UNGUARDED_AVAILABILITY = YES_AGGRESSIVE;
				CLANG_WARN_UNREACHABLE_CODE = YES;
				CLANG_WARN__DUPLICATE_METHOD_MATCH = YES;
				COPY_PHASE_STRIP = NO;
				DEBUG_INFORMATION_FORMAT = dwarf;
				ENABLE_STRICT_OBJC_MSGSEND = YES;
				ENABLE_TESTABILITY = YES;
				GCC_C_LANGUAGE_STANDARD = gnu11;
				GCC_DYNAMIC_NO_PIC = NO;
				GCC_NO_COMMON_BLOCKS = YES;
				GCC_OPTIMIZATION_LEVEL = 0;
				GCC_PREPROCESSOR_DEFINITIONS = (
					"DEBUG=1",
					"$(inherited)",
				);
				GCC_WARN_64_TO_32_BIT_CONVERSION = YES;
				GCC_WARN_ABOUT_RETURN_TYPE = YES_ERROR;
				GCC_WARN_UNDECLARED_SELECTOR = YES;
				GCC_WARN_UNINITIALIZED_AUTOS = YES_AGGRESSIVE;
				GCC_WARN_UNUSED_FUNCTION = YES;
				GCC_WARN_UNUSED_VARIABLE = YES;
				IPHONEOS_DEPLOYMENT_TARGET = 14.5;
				MTL_ENABLE_DEBUG_INFO = INCLUDE_SOURCE;
				MTL_FAST_MATH = YES;
				ONLY_ACTIVE_ARCH = YES;
				SDKROOT = iphoneos;
				SWIFT_ACTIVE_COMPILATION_CONDITIONS = DEBUG;
				SWIFT_OPTIMIZATION_LEVEL = "-Onone";
			};
			name = Debug;
		};
		527E2C64273AFFCB00599EE1 /* Release */ = {
			isa = XCBuildConfiguration;
			buildSettings = {
				ALWAYS_SEARCH_USER_PATHS = NO;
				CLANG_ANALYZER_NONNULL = YES;
				CLANG_ANALYZER_NUMBER_OBJECT_CONVERSION = YES_AGGRESSIVE;
				CLANG_CXX_LANGUAGE_STANDARD = "gnu++14";
				CLANG_CXX_LIBRARY = "libc++";
				CLANG_ENABLE_MODULES = YES;
				CLANG_ENABLE_OBJC_ARC = YES;
				CLANG_ENABLE_OBJC_WEAK = YES;
				CLANG_WARN_BLOCK_CAPTURE_AUTORELEASING = YES;
				CLANG_WARN_BOOL_CONVERSION = YES;
				CLANG_WARN_COMMA = YES;
				CLANG_WARN_CONSTANT_CONVERSION = YES;
				CLANG_WARN_DEPRECATED_OBJC_IMPLEMENTATIONS = YES;
				CLANG_WARN_DIRECT_OBJC_ISA_USAGE = YES_ERROR;
				CLANG_WARN_DOCUMENTATION_COMMENTS = YES;
				CLANG_WARN_EMPTY_BODY = YES;
				CLANG_WARN_ENUM_CONVERSION = YES;
				CLANG_WARN_INFINITE_RECURSION = YES;
				CLANG_WARN_INT_CONVERSION = YES;
				CLANG_WARN_NON_LITERAL_NULL_CONVERSION = YES;
				CLANG_WARN_OBJC_IMPLICIT_RETAIN_SELF = YES;
				CLANG_WARN_OBJC_LITERAL_CONVERSION = YES;
				CLANG_WARN_OBJC_ROOT_CLASS = YES_ERROR;
				CLANG_WARN_QUOTED_INCLUDE_IN_FRAMEWORK_HEADER = NO;
				CLANG_WARN_RANGE_LOOP_ANALYSIS = YES;
				CLANG_WARN_STRICT_PROTOTYPES = YES;
				CLANG_WARN_SUSPICIOUS_MOVE = YES;
				CLANG_WARN_UNGUARDED_AVAILABILITY = YES_AGGRESSIVE;
				CLANG_WARN_UNREACHABLE_CODE = YES;
				CLANG_WARN__DUPLICATE_METHOD_MATCH = YES;
				COPY_PHASE_STRIP = NO;
				DEBUG_INFORMATION_FORMAT = "dwarf-with-dsym";
				ENABLE_NS_ASSERTIONS = NO;
				ENABLE_STRICT_OBJC_MSGSEND = YES;
				GCC_C_LANGUAGE_STANDARD = gnu11;
				GCC_NO_COMMON_BLOCKS = YES;
				GCC_WARN_64_TO_32_BIT_CONVERSION = YES;
				GCC_WARN_ABOUT_RETURN_TYPE = YES_ERROR;
				GCC_WARN_UNDECLARED_SELECTOR = YES;
				GCC_WARN_UNINITIALIZED_AUTOS = YES_AGGRESSIVE;
				GCC_WARN_UNUSED_FUNCTION = YES;
				GCC_WARN_UNUSED_VARIABLE = YES;
				IPHONEOS_DEPLOYMENT_TARGET = 14.5;
				MTL_ENABLE_DEBUG_INFO = NO;
				MTL_FAST_MATH = YES;
				SDKROOT = iphoneos;
				SWIFT_COMPILATION_MODE = wholemodule;
				SWIFT_OPTIMIZATION_LEVEL = "-O";
				VALIDATE_PRODUCT = YES;
			};
			name = Release;
		};
		527E2C66273AFFCB00599EE1 /* Debug */ = {
			isa = XCBuildConfiguration;
			baseConfigurationReference = E2CBB20307BD58A397F6216E /* Pods-milestone.debug.xcconfig */;
			buildSettings = {
				ASSETCATALOG_COMPILER_APPICON_NAME = AppIcon;
				ASSETCATALOG_COMPILER_GLOBAL_ACCENT_COLOR_NAME = AccentColor;
				CLANG_WARN_QUOTED_INCLUDE_IN_FRAMEWORK_HEADER = YES;
				CODE_SIGN_STYLE = Automatic;
				DEVELOPMENT_TEAM = C84239R398;
				INFOPLIST_FILE = milestone/Info.plist;
				LD_RUNPATH_SEARCH_PATHS = (
					"$(inherited)",
					"@executable_path/Frameworks",
				);
				PRODUCT_BUNDLE_IDENTIFIER = KentWaxman.milestone;
				PRODUCT_NAME = "$(TARGET_NAME)";
				SWIFT_VERSION = 5.0;
				TARGETED_DEVICE_FAMILY = "1,2";
			};
			name = Debug;
		};
		527E2C67273AFFCB00599EE1 /* Release */ = {
			isa = XCBuildConfiguration;
			baseConfigurationReference = F9A99CF77A95A246BCB3D598 /* Pods-milestone.release.xcconfig */;
			buildSettings = {
				ASSETCATALOG_COMPILER_APPICON_NAME = AppIcon;
				ASSETCATALOG_COMPILER_GLOBAL_ACCENT_COLOR_NAME = AccentColor;
				CLANG_WARN_QUOTED_INCLUDE_IN_FRAMEWORK_HEADER = YES;
				CODE_SIGN_STYLE = Automatic;
				DEVELOPMENT_TEAM = C84239R398;
				INFOPLIST_FILE = milestone/Info.plist;
				LD_RUNPATH_SEARCH_PATHS = (
					"$(inherited)",
					"@executable_path/Frameworks",
				);
				PRODUCT_BUNDLE_IDENTIFIER = KentWaxman.milestone;
				PRODUCT_NAME = "$(TARGET_NAME)";
				SWIFT_VERSION = 5.0;
				TARGETED_DEVICE_FAMILY = "1,2";
			};
			name = Release;
		};
		527E2C69273AFFCB00599EE1 /* Debug */ = {
			isa = XCBuildConfiguration;
			baseConfigurationReference = FB852415B07F67CCD6EAC1BE /* Pods-milestoneTests.debug.xcconfig */;
			buildSettings = {
				ALWAYS_EMBED_SWIFT_STANDARD_LIBRARIES = YES;
				BUNDLE_LOADER = "$(TEST_HOST)";
				CODE_SIGN_STYLE = Automatic;
				DEVELOPMENT_TEAM = C84239R398;
				INFOPLIST_FILE = milestoneTests/Info.plist;
				IPHONEOS_DEPLOYMENT_TARGET = 14.5;
				LD_RUNPATH_SEARCH_PATHS = (
					"$(inherited)",
					"@executable_path/Frameworks",
					"@loader_path/Frameworks",
				);
				PRODUCT_BUNDLE_IDENTIFIER = KentWaxman.milestoneTests;
				PRODUCT_NAME = "$(TARGET_NAME)";
				SWIFT_VERSION = 5.0;
				TARGETED_DEVICE_FAMILY = "1,2";
				TEST_HOST = "$(BUILT_PRODUCTS_DIR)/milestone.app/milestone";
			};
			name = Debug;
		};
		527E2C6A273AFFCB00599EE1 /* Release */ = {
			isa = XCBuildConfiguration;
			baseConfigurationReference = 096C045AF2E93AC69ADB57C8 /* Pods-milestoneTests.release.xcconfig */;
			buildSettings = {
				ALWAYS_EMBED_SWIFT_STANDARD_LIBRARIES = YES;
				BUNDLE_LOADER = "$(TEST_HOST)";
				CODE_SIGN_STYLE = Automatic;
				DEVELOPMENT_TEAM = C84239R398;
				INFOPLIST_FILE = milestoneTests/Info.plist;
				IPHONEOS_DEPLOYMENT_TARGET = 14.5;
				LD_RUNPATH_SEARCH_PATHS = (
					"$(inherited)",
					"@executable_path/Frameworks",
					"@loader_path/Frameworks",
				);
				PRODUCT_BUNDLE_IDENTIFIER = KentWaxman.milestoneTests;
				PRODUCT_NAME = "$(TARGET_NAME)";
				SWIFT_VERSION = 5.0;
				TARGETED_DEVICE_FAMILY = "1,2";
				TEST_HOST = "$(BUILT_PRODUCTS_DIR)/milestone.app/milestone";
			};
			name = Release;
		};
		527E2C6C273AFFCB00599EE1 /* Debug */ = {
			isa = XCBuildConfiguration;
			baseConfigurationReference = 6541925210A6338ABBDF44F4 /* Pods-milestone-milestoneUITests.debug.xcconfig */;
			buildSettings = {
				ALWAYS_EMBED_SWIFT_STANDARD_LIBRARIES = YES;
				CODE_SIGN_STYLE = Automatic;
				DEVELOPMENT_TEAM = C84239R398;
				INFOPLIST_FILE = milestoneUITests/Info.plist;
				LD_RUNPATH_SEARCH_PATHS = (
					"$(inherited)",
					"@executable_path/Frameworks",
					"@loader_path/Frameworks",
				);
				PRODUCT_BUNDLE_IDENTIFIER = KentWaxman.milestoneUITests;
				PRODUCT_NAME = "$(TARGET_NAME)";
				SWIFT_VERSION = 5.0;
				TARGETED_DEVICE_FAMILY = "1,2";
				TEST_TARGET_NAME = milestone;
			};
			name = Debug;
		};
		527E2C6D273AFFCB00599EE1 /* Release */ = {
			isa = XCBuildConfiguration;
			baseConfigurationReference = 82D5F1283C8F1BCB4BFDF411 /* Pods-milestone-milestoneUITests.release.xcconfig */;
			buildSettings = {
				ALWAYS_EMBED_SWIFT_STANDARD_LIBRARIES = YES;
				CODE_SIGN_STYLE = Automatic;
				DEVELOPMENT_TEAM = C84239R398;
				INFOPLIST_FILE = milestoneUITests/Info.plist;
				LD_RUNPATH_SEARCH_PATHS = (
					"$(inherited)",
					"@executable_path/Frameworks",
					"@loader_path/Frameworks",
				);
				PRODUCT_BUNDLE_IDENTIFIER = KentWaxman.milestoneUITests;
				PRODUCT_NAME = "$(TARGET_NAME)";
				SWIFT_VERSION = 5.0;
				TARGETED_DEVICE_FAMILY = "1,2";
				TEST_TARGET_NAME = milestone;
			};
			name = Release;
		};
/* End XCBuildConfiguration section */

/* Begin XCConfigurationList section */
		527E2C36273AFFCA00599EE1 /* Build configuration list for PBXProject "milestone" */ = {
			isa = XCConfigurationList;
			buildConfigurations = (
				527E2C63273AFFCB00599EE1 /* Debug */,
				527E2C64273AFFCB00599EE1 /* Release */,
			);
			defaultConfigurationIsVisible = 0;
			defaultConfigurationName = Release;
		};
		527E2C65273AFFCB00599EE1 /* Build configuration list for PBXNativeTarget "milestone" */ = {
			isa = XCConfigurationList;
			buildConfigurations = (
				527E2C66273AFFCB00599EE1 /* Debug */,
				527E2C67273AFFCB00599EE1 /* Release */,
			);
			defaultConfigurationIsVisible = 0;
			defaultConfigurationName = Release;
		};
		527E2C68273AFFCB00599EE1 /* Build configuration list for PBXNativeTarget "milestoneTests" */ = {
			isa = XCConfigurationList;
			buildConfigurations = (
				527E2C69273AFFCB00599EE1 /* Debug */,
				527E2C6A273AFFCB00599EE1 /* Release */,
			);
			defaultConfigurationIsVisible = 0;
			defaultConfigurationName = Release;
		};
		527E2C6B273AFFCB00599EE1 /* Build configuration list for PBXNativeTarget "milestoneUITests" */ = {
			isa = XCConfigurationList;
			buildConfigurations = (
				527E2C6C273AFFCB00599EE1 /* Debug */,
				527E2C6D273AFFCB00599EE1 /* Release */,
			);
			defaultConfigurationIsVisible = 0;
			defaultConfigurationName = Release;
		};
/* End XCConfigurationList section */
	};
	rootObject = 527E2C33273AFFCA00599EE1 /* Project object */;
}
